{
  "requires": true,
  "lockfileVersion": 1,
  "dependencies": {
    "react-confirm-alert": {
      "version": "2.8.0",
      "resolved": "https://registry.npmjs.org/react-confirm-alert/-/react-confirm-alert-2.8.0.tgz",
      "integrity": "sha512-qvNjJWuWUpTh+q4NecUjCMIWLNDl8IwW6JRIky5pzoiFBXsLWSA2Z1VsaDsQedwgyxEpKnMEJFETkDogBpv/kA=="
    }
  }
}
